
Microsoft Visual Studio Solution File, Format Version 12.00
# Visual Studio 14
VisualStudioVersion = 14.0.25420.1
MinimumVisualStudioVersion = 10.0.40219.1
Project("{FAE04EC0-301F-11D3-BF4B-00C04F79EFBC}") = "CSharpFundamentos.Capitulo03.Variaveis", "CSharpFundamentos.Capitulo03.Variaveis\CSharpFundamentos.Capitulo03.Variaveis.csproj", "{B01BD499-A95E-48F1-B770-850179E13633}"
EndProject
Project("{FAE04EC0-301F-11D3-BF4B-00C04F79EFBC}") = "CSharpFundamentos.Capitulo3.Troco", "CSharpFundamentos.Capitulo3.Troco\CSharpFundamentos.Capitulo3.Troco.csproj", "{AD6DADE1-E820-4F48-8433-AA6254AE0E49}"
EndProject
Project("{FAE04EC0-301F-11D3-BF4B-00C04F79EFBC}") = "CSharpFundamentos.Capitulo04.Frete", "CSharpFundamentos.Capitulo04.Frete\CSharpFundamentos.Capitulo04.Frete.csproj", "{C2735474-60B5-4582-86FD-3357EDE86D80}"
EndProject
Project("{FAE04EC0-301F-11D3-BF4B-00C04F79EFBC}") = "CSharpFundamentos.Capitulo05.Repeticao.Testes", "CSharpFundamentos.Capitulo05.Repeticao.Testes\CSharpFundamentos.Capitulo05.Repeticao.Testes.csproj", "{8CEFD7F2-DD77-44E3-9371-9E101142B3FC}"
EndProject
Project("{FAE04EC0-301F-11D3-BF4B-00C04F79EFBC}") = "CSharpFundamentos.Capitulo08.VetoresColecoes.Testes", "CSharpFundamentos.Capitulo08.VetoresColecoes.Testes\CSharpFundamentos.Capitulo08.VetoresColecoes.Testes.csproj", "{F22DE6A2-A05F-45DD-B965-23A280E11E73}"
EndProject
Project("{2150E333-8FDC-42A3-9474-1A3956D46DE8}") = "Oficina", "Oficina", "{C5E7E6FB-6216-4377-9CA0-462550BBE208}"
EndProject
Project("{FAE04EC0-301F-11D3-BF4B-00C04F79EFBC}") = "Oficina.Dominio", "Oficina.Dominio\Oficina.Dominio.csproj", "{E562A2B5-E7EC-4EDB-A137-7921876BE7A1}"
EndProject
Project("{FAE04EC0-301F-11D3-BF4B-00C04F79EFBC}") = "Oficina.Repositorios.SistemaArquivos", "Oficina.Repositorios.SistemaArquivos\Oficina.Repositorios.SistemaArquivos.csproj", "{08854398-5AE1-401F-A4C6-98B9DC37CE08}"
EndProject
Project("{FAE04EC0-301F-11D3-BF4B-00C04F79EFBC}") = "Oficina.Repositorios.SistemaArquivosTests", "Oficina.Repositorios.SistemaArquivosTests\Oficina.Repositorios.SistemaArquivosTests.csproj", "{5A0602BC-67CE-4593-8A7C-00A787490B81}"
EndProject
Project("{FAE04EC0-301F-11D3-BF4B-00C04F79EFBC}") = "Oficina.WindowsForms", "Oficina.WindowsForms\Oficina.WindowsForms.csproj", "{5C3A8786-C7FD-438B-A9A2-F4A01EC0BEC7}"
EndProject
Project("{FAE04EC0-301F-11D3-BF4B-00C04F79EFBC}") = "Oficina.DominioTests", "Oficina.DominioTests\Oficina.DominioTests.csproj", "{E8D30C46-FD41-44AF-9ED9-09B4851EBDBD}"
EndProject
Project("{FAE04EC0-301F-11D3-BF4B-00C04F79EFBC}") = "CSharpFundamentos.Capitulo12.ValorReferencia", "CSharpFundamentos.Capitulo12.ValorReferencia\CSharpFundamentos.Capitulo12.ValorReferencia.csproj", "{989799CB-D647-4E23-81DA-B40F74199D58}"
EndProject
Project("{FAE04EC0-301F-11D3-BF4B-00C04F79EFBC}") = "Oficina.Repositorios.SqlServer", "Oficina.Repositorios.SqlServer\Oficina.Repositorios.SqlServer.csproj", "{FE419594-3C2B-4A29-B67F-68483012714C}"
EndProject
Project("{FAE04EC0-301F-11D3-BF4B-00C04F79EFBC}") = "Oficina.Repositorios.SqlServerTests", "Oficina.Repositorios.SqlServerTests\Oficina.Repositorios.SqlServerTests.csproj", "{49C6262D-AE15-4D3A-BAFB-529951026C6A}"
EndProject
Project("{00D1A9C2-B5F0-4AF3-8072-F6C62B433612}") = "Oficina.Database", "Oficina.Database\Oficina.Database.sqlproj", "{E95F3A1A-81D7-4C66-A5A0-39B3488A7A0B}"
EndProject
Project("{54435603-DBB4-11D2-8724-00A0C9A8B90C}") = "Oficina.WindowsForms.Setup", "Oficina.WindowsForms.Setup\Oficina.WindowsForms.Setup.vdproj", "{6078CC37-7B98-4663-AA88-21613328D433}"
EndProject
Global
	GlobalSection(SolutionConfigurationPlatforms) = preSolution
		Debug|Any CPU = Debug|Any CPU
		Release|Any CPU = Release|Any CPU
	EndGlobalSection
	GlobalSection(ProjectConfigurationPlatforms) = postSolution
		{B01BD499-A95E-48F1-B770-850179E13633}.Debug|Any CPU.ActiveCfg = Debug|Any CPU
		{B01BD499-A95E-48F1-B770-850179E13633}.Debug|Any CPU.Build.0 = Debug|Any CPU
		{B01BD499-A95E-48F1-B770-850179E13633}.Release|Any CPU.ActiveCfg = Release|Any CPU
		{B01BD499-A95E-48F1-B770-850179E13633}.Release|Any CPU.Build.0 = Release|Any CPU
		{AD6DADE1-E820-4F48-8433-AA6254AE0E49}.Debug|Any CPU.ActiveCfg = Debug|Any CPU
		{AD6DADE1-E820-4F48-8433-AA6254AE0E49}.Debug|Any CPU.Build.0 = Debug|Any CPU
		{AD6DADE1-E820-4F48-8433-AA6254AE0E49}.Release|Any CPU.ActiveCfg = Release|Any CPU
		{AD6DADE1-E820-4F48-8433-AA6254AE0E49}.Release|Any CPU.Build.0 = Release|Any CPU
		{C2735474-60B5-4582-86FD-3357EDE86D80}.Debug|Any CPU.ActiveCfg = Debug|Any CPU
		{C2735474-60B5-4582-86FD-3357EDE86D80}.Debug|Any CPU.Build.0 = Debug|Any CPU
		{C2735474-60B5-4582-86FD-3357EDE86D80}.Release|Any CPU.ActiveCfg = Release|Any CPU
		{C2735474-60B5-4582-86FD-3357EDE86D80}.Release|Any CPU.Build.0 = Release|Any CPU
		{8CEFD7F2-DD77-44E3-9371-9E101142B3FC}.Debug|Any CPU.ActiveCfg = Debug|Any CPU
		{8CEFD7F2-DD77-44E3-9371-9E101142B3FC}.Debug|Any CPU.Build.0 = Debug|Any CPU
		{8CEFD7F2-DD77-44E3-9371-9E101142B3FC}.Release|Any CPU.ActiveCfg = Release|Any CPU
		{8CEFD7F2-DD77-44E3-9371-9E101142B3FC}.Release|Any CPU.Build.0 = Release|Any CPU
		{F22DE6A2-A05F-45DD-B965-23A280E11E73}.Debug|Any CPU.ActiveCfg = Debug|Any CPU
		{F22DE6A2-A05F-45DD-B965-23A280E11E73}.Debug|Any CPU.Build.0 = Debug|Any CPU
		{F22DE6A2-A05F-45DD-B965-23A280E11E73}.Release|Any CPU.ActiveCfg = Release|Any CPU
		{F22DE6A2-A05F-45DD-B965-23A280E11E73}.Release|Any CPU.Build.0 = Release|Any CPU
		{E562A2B5-E7EC-4EDB-A137-7921876BE7A1}.Debug|Any CPU.ActiveCfg = Debug|Any CPU
		{E562A2B5-E7EC-4EDB-A137-7921876BE7A1}.Debug|Any CPU.Build.0 = Debug|Any CPU
		{E562A2B5-E7EC-4EDB-A137-7921876BE7A1}.Release|Any CPU.ActiveCfg = Release|Any CPU
		{E562A2B5-E7EC-4EDB-A137-7921876BE7A1}.Release|Any CPU.Build.0 = Release|Any CPU
		{08854398-5AE1-401F-A4C6-98B9DC37CE08}.Debug|Any CPU.ActiveCfg = Debug|Any CPU
		{08854398-5AE1-401F-A4C6-98B9DC37CE08}.Debug|Any CPU.Build.0 = Debug|Any CPU
		{08854398-5AE1-401F-A4C6-98B9DC37CE08}.Release|Any CPU.ActiveCfg = Release|Any CPU
		{08854398-5AE1-401F-A4C6-98B9DC37CE08}.Release|Any CPU.Build.0 = Release|Any CPU
		{5A0602BC-67CE-4593-8A7C-00A787490B81}.Debug|Any CPU.ActiveCfg = Debug|Any CPU
		{5A0602BC-67CE-4593-8A7C-00A787490B81}.Debug|Any CPU.Build.0 = Debug|Any CPU
		{5A0602BC-67CE-4593-8A7C-00A787490B81}.Release|Any CPU.ActiveCfg = Release|Any CPU
		{5A0602BC-67CE-4593-8A7C-00A787490B81}.Release|Any CPU.Build.0 = Release|Any CPU
		{5C3A8786-C7FD-438B-A9A2-F4A01EC0BEC7}.Debug|Any CPU.ActiveCfg = Debug|Any CPU
		{5C3A8786-C7FD-438B-A9A2-F4A01EC0BEC7}.Debug|Any CPU.Build.0 = Debug|Any CPU
		{5C3A8786-C7FD-438B-A9A2-F4A01EC0BEC7}.Release|Any CPU.ActiveCfg = Release|Any CPU
		{5C3A8786-C7FD-438B-A9A2-F4A01EC0BEC7}.Release|Any CPU.Build.0 = Release|Any CPU
		{E8D30C46-FD41-44AF-9ED9-09B4851EBDBD}.Debug|Any CPU.ActiveCfg = Debug|Any CPU
		{E8D30C46-FD41-44AF-9ED9-09B4851EBDBD}.Debug|Any CPU.Build.0 = Debug|Any CPU
		{E8D30C46-FD41-44AF-9ED9-09B4851EBDBD}.Release|Any CPU.ActiveCfg = Release|Any CPU
		{E8D30C46-FD41-44AF-9ED9-09B4851EBDBD}.Release|Any CPU.Build.0 = Release|Any CPU
		{989799CB-D647-4E23-81DA-B40F74199D58}.Debug|Any CPU.ActiveCfg = Debug|Any CPU
		{989799CB-D647-4E23-81DA-B40F74199D58}.Debug|Any CPU.Build.0 = Debug|Any CPU
		{989799CB-D647-4E23-81DA-B40F74199D58}.Release|Any CPU.ActiveCfg = Release|Any CPU
		{989799CB-D647-4E23-81DA-B40F74199D58}.Release|Any CPU.Build.0 = Release|Any CPU
		{FE419594-3C2B-4A29-B67F-68483012714C}.Debug|Any CPU.ActiveCfg = Debug|Any CPU
		{FE419594-3C2B-4A29-B67F-68483012714C}.Debug|Any CPU.Build.0 = Debug|Any CPU
		{FE419594-3C2B-4A29-B67F-68483012714C}.Release|Any CPU.ActiveCfg = Release|Any CPU
		{FE419594-3C2B-4A29-B67F-68483012714C}.Release|Any CPU.Build.0 = Release|Any CPU
		{49C6262D-AE15-4D3A-BAFB-529951026C6A}.Debug|Any CPU.ActiveCfg = Debug|Any CPU
		{49C6262D-AE15-4D3A-BAFB-529951026C6A}.Debug|Any CPU.Build.0 = Debug|Any CPU
		{49C6262D-AE15-4D3A-BAFB-529951026C6A}.Release|Any CPU.ActiveCfg = Release|Any CPU
		{49C6262D-AE15-4D3A-BAFB-529951026C6A}.Release|Any CPU.Build.0 = Release|Any CPU
		{E95F3A1A-81D7-4C66-A5A0-39B3488A7A0B}.Debug|Any CPU.ActiveCfg = Debug|Any CPU
		{E95F3A1A-81D7-4C66-A5A0-39B3488A7A0B}.Debug|Any CPU.Build.0 = Debug|Any CPU
		{E95F3A1A-81D7-4C66-A5A0-39B3488A7A0B}.Debug|Any CPU.Deploy.0 = Debug|Any CPU
		{E95F3A1A-81D7-4C66-A5A0-39B3488A7A0B}.Release|Any CPU.ActiveCfg = Release|Any CPU
		{E95F3A1A-81D7-4C66-A5A0-39B3488A7A0B}.Release|Any CPU.Build.0 = Release|Any CPU
		{E95F3A1A-81D7-4C66-A5A0-39B3488A7A0B}.Release|Any CPU.Deploy.0 = Release|Any CPU
		{6078CC37-7B98-4663-AA88-21613328D433}.Debug|Any CPU.ActiveCfg = Debug
		{6078CC37-7B98-4663-AA88-21613328D433}.Release|Any CPU.ActiveCfg = Release
	EndGlobalSection
	GlobalSection(SolutionProperties) = preSolution
		HideSolutionNode = FALSE
	EndGlobalSection
	GlobalSection(NestedProjects) = preSolution
		{E562A2B5-E7EC-4EDB-A137-7921876BE7A1} = {C5E7E6FB-6216-4377-9CA0-462550BBE208}
		{08854398-5AE1-401F-A4C6-98B9DC37CE08} = {C5E7E6FB-6216-4377-9CA0-462550BBE208}
		{5A0602BC-67CE-4593-8A7C-00A787490B81} = {C5E7E6FB-6216-4377-9CA0-462550BBE208}
		{5C3A8786-C7FD-438B-A9A2-F4A01EC0BEC7} = {C5E7E6FB-6216-4377-9CA0-462550BBE208}
		{FE419594-3C2B-4A29-B67F-68483012714C} = {C5E7E6FB-6216-4377-9CA0-462550BBE208}
		{E95F3A1A-81D7-4C66-A5A0-39B3488A7A0B} = {C5E7E6FB-6216-4377-9CA0-462550BBE208}
		{6078CC37-7B98-4663-AA88-21613328D433} = {C5E7E6FB-6216-4377-9CA0-462550BBE208}
	EndGlobalSection
EndGlobal
